
Microsoft Visual Studio Solution File, Format Version 11.00
# Visual Studio 2010
Project("{FAE04EC0-301F-11D3-BF4B-00C04F79EFBC}") = "GPS Based", "Assembly-CSharp.csproj", "{7455CA75-426A-AB7E-0CD8-54750C77DF99}"
EndProject
Project("{FAE04EC0-301F-11D3-BF4B-00C04F79EFBC}") = "GPS Based", "Assembly-CSharp-Editor.csproj", "{D68D6CDC-40F4-48D4-3B35-C26A43EE0B19}"
EndProject
Global
	GlobalSection(SolutionConfigurationPlatforms) = preSolution
		Debug|Any CPU = Debug|Any CPU
		Release|Any CPU = Release|Any CPU
	EndGlobalSection
	GlobalSection(ProjectConfigurationPlatforms) = postSolution
		{7455CA75-426A-AB7E-0CD8-54750C77DF99}.Debug|Any CPU.ActiveCfg = Debug|Any CPU
		{7455CA75-426A-AB7E-0CD8-54750C77DF99}.Debug|Any CPU.Build.0 = Debug|Any CPU
		{7455CA75-426A-AB7E-0CD8-54750C77DF99}.Release|Any CPU.ActiveCfg = Release|Any CPU
		{7455CA75-426A-AB7E-0CD8-54750C77DF99}.Release|Any CPU.Build.0 = Release|Any CPU
		{D68D6CDC-40F4-48D4-3B35-C26A43EE0B19}.Debug|Any CPU.ActiveCfg = Debug|Any CPU
		{D68D6CDC-40F4-48D4-3B35-C26A43EE0B19}.Debug|Any CPU.Build.0 = Debug|Any CPU
		{D68D6CDC-40F4-48D4-3B35-C26A43EE0B19}.Release|Any CPU.ActiveCfg = Release|Any CPU
		{D68D6CDC-40F4-48D4-3B35-C26A43EE0B19}.Release|Any CPU.Build.0 = Release|Any CPU
	EndGlobalSection
	GlobalSection(SolutionProperties) = preSolution
		HideSolutionNode = FALSE
	EndGlobalSection
	GlobalSection(MonoDevelopProperties) = preSolution
		StartupItem = Assembly-CSharp.csproj
	EndGlobalSection
EndGlobal
